{
  "name": "language-nwscript",
  "version": "0.0.4",
  "lockfileVersion": 1,
  "requires": true,
  "dependencies": {
    "nan": {
      "version": "2.14.2",
      "resolved": "https://registry.npmjs.org/nan/-/nan-2.14.2.tgz",
      "integrity": "sha512-M2ufzIiINKCuDfBSAUr1vWQ+vuVcA9kqx8JJUsbQi6yf1uGRyb7HfpdfUr5qLXf3B/t8dPvcjhKMmlfnP47EzQ=="
    },
    "tree-sitter-nwscript": {
      "version": "1.0.3",
      "resolved": "https://registry.npmjs.org/tree-sitter-nwscript/-/tree-sitter-nwscript-1.0.3.tgz",
      "integrity": "sha512-BrFdgBgYpLfGJ+UWEi6vew6OVrH4T7UCq87i3YPrPEdl+qMwnbo5S8cVvn0SJUEx+6GEQHwE5KP+qpytOaAhJA==",
      "requires": {
        "nan": "^2.14.2"
      }
    }
  }
}
